
Microsoft Visual Studio Solution File, Format Version 12.00
# Visual Studio Version 17
VisualStudioVersion = 17.1.32328.378
MinimumVisualStudioVersion = 10.0.40219.1
Project("{FAE04EC0-301F-11D3-BF4B-00C04F79EFBC}") = "CommunicationBetween", "CommunicationBetween\CommunicationBetween.csproj", "{7D30E49E-233B-40EA-A5E8-B3C18D881949}"
EndProject
Project("{FAE04EC0-301F-11D3-BF4B-00C04F79EFBC}") = "Server", "Server\Server.csproj", "{4D99D6D7-37EC-4DC1-B1FE-8180969B270A}"
EndProject
Project("{FAE04EC0-301F-11D3-BF4B-00C04F79EFBC}") = "Client", "Client\Client.csproj", "{973C8D01-B048-4005-ABBF-5D43D293ECCC}"
EndProject
Global
	GlobalSection(SolutionConfigurationPlatforms) = preSolution
		Debug|Any CPU = Debug|Any CPU
		Release|Any CPU = Release|Any CPU
	EndGlobalSection
	GlobalSection(ProjectConfigurationPlatforms) = postSolution
		{7D30E49E-233B-40EA-A5E8-B3C18D881949}.Debug|Any CPU.ActiveCfg = Debug|Any CPU
		{7D30E49E-233B-40EA-A5E8-B3C18D881949}.Debug|Any CPU.Build.0 = Debug|Any CPU
		{7D30E49E-233B-40EA-A5E8-B3C18D881949}.Release|Any CPU.ActiveCfg = Release|Any CPU
		{7D30E49E-233B-40EA-A5E8-B3C18D881949}.Release|Any CPU.Build.0 = Release|Any CPU
		{4D99D6D7-37EC-4DC1-B1FE-8180969B270A}.Debug|Any CPU.ActiveCfg = Debug|Any CPU
		{4D99D6D7-37EC-4DC1-B1FE-8180969B270A}.Debug|Any CPU.Build.0 = Debug|Any CPU
		{4D99D6D7-37EC-4DC1-B1FE-8180969B270A}.Release|Any CPU.ActiveCfg = Release|Any CPU
		{4D99D6D7-37EC-4DC1-B1FE-8180969B270A}.Release|Any CPU.Build.0 = Release|Any CPU
		{973C8D01-B048-4005-ABBF-5D43D293ECCC}.Debug|Any CPU.ActiveCfg = Debug|Any CPU
		{973C8D01-B048-4005-ABBF-5D43D293ECCC}.Debug|Any CPU.Build.0 = Debug|Any CPU
		{973C8D01-B048-4005-ABBF-5D43D293ECCC}.Release|Any CPU.ActiveCfg = Release|Any CPU
		{973C8D01-B048-4005-ABBF-5D43D293ECCC}.Release|Any CPU.Build.0 = Release|Any CPU
	EndGlobalSection
	GlobalSection(SolutionProperties) = preSolution
		HideSolutionNode = FALSE
	EndGlobalSection
	GlobalSection(ExtensibilityGlobals) = postSolution
		SolutionGuid = {E8191FAF-7167-4877-B6A0-8B53BD1ED10F}
	EndGlobalSection
EndGlobal
